
Microsoft Visual Studio Solution File, Format Version 12.00
# Visual Studio 14
VisualStudioVersion = 14.0.25420.1
MinimumVisualStudioVersion = 10.0.40219.1
Project("{2150E333-8FDC-42A3-9474-1A3956D46DE8}") = "src", "src", "{0EF45ECD-964F-434A-B00E-4C72686FE614}"
EndProject
Project("{2150E333-8FDC-42A3-9474-1A3956D46DE8}") = "Solution Items", "Solution Items", "{EC42E89A-A125-46DF-82BF-E0621E4C5154}"
	ProjectSection(SolutionItems) = preProject
		global.json = global.json
	EndProjectSection
EndProject
Project("{8BB2217D-0F2D-49D1-97BC-3654ED321F3B}") = "BiciEventos", "src\BiciEventos\BiciEventos.xproj", "{2B10AE47-28AA-401B-9FD9-A2877A1C67BD}"
EndProject
Global
	GlobalSection(SolutionConfigurationPlatforms) = preSolution
		Debug|Any CPU = Debug|Any CPU
		Release|Any CPU = Release|Any CPU
	EndGlobalSection
	GlobalSection(ProjectConfigurationPlatforms) = postSolution
		{2B10AE47-28AA-401B-9FD9-A2877A1C67BD}.Debug|Any CPU.ActiveCfg = Debug|Any CPU
		{2B10AE47-28AA-401B-9FD9-A2877A1C67BD}.Debug|Any CPU.Build.0 = Debug|Any CPU
		{2B10AE47-28AA-401B-9FD9-A2877A1C67BD}.Release|Any CPU.ActiveCfg = Release|Any CPU
		{2B10AE47-28AA-401B-9FD9-A2877A1C67BD}.Release|Any CPU.Build.0 = Release|Any CPU
	EndGlobalSection
	GlobalSection(SolutionProperties) = preSolution
		HideSolutionNode = FALSE
	EndGlobalSection
	GlobalSection(NestedProjects) = preSolution
		{2B10AE47-28AA-401B-9FD9-A2877A1C67BD} = {0EF45ECD-964F-434A-B00E-4C72686FE614}
	EndGlobalSection
EndGlobal
